// !$*UTF8*$!
{
	archiveVersion = 1;
	classes = {
	};
	objectVersion = 46;
	objects = {

/* Begin PBXBuildFile section */
		37CB1EB74A6348E8B95B4038 /* main.m in Sources */ = {isa = PBXBuildFile; fileRef = F4861F1CD79B45149A3A4709 /* main.m */; };
		4EA5F41169994937B2D8025D /* ConversionFormViewController.h in Headers */ = {isa = PBXBuildFile; fileRef = 8C54D062AB7D494BB9BB21B2 /* ConversionFormViewController.h */; };
		56ACAAEC4E6342E894B413CE /* Foundation.framework in Frameworks */ = {isa = PBXBuildFile; fileRef = 4F179100DAD94E69AF205B68 /* Foundation.framework */; };
		6794CD66FBCB4470BFDB9864 /* libPods.a in Frameworks */ = {isa = PBXBuildFile; fileRef = BE89C4EABDCE4561A117C43A /* libPods.a */; };
		705191F221584DD78D3CBF4B /* CoreGraphics.framework in Frameworks */ = {isa = PBXBuildFile; fileRef = 973D5AF75D4F4188859A26E6 /* CoreGraphics.framework */; };
		872C8D909ACD4CDFACC8BC3B /* public in Resources */ = {isa = PBXBuildFile; fileRef = 269078197B054E2E8D118391 /* public */; };
		94631BE5CD654920BC8F2E9C /* UIKit.framework in Frameworks */ = {isa = PBXBuildFile; fileRef = 7C10609AFAD04E17949ED410 /* UIKit.framework */; };
		A34C0F7474C846049C8DE0E0 /* ConversionFormViewController.m in Sources */ = {isa = PBXBuildFile; fileRef = ADD9BD6A5148495AA2628FD8 /* ConversionFormViewController.m */; };
		B65B077C5507447AAFA2A4FD /* AppDelegate.h in Headers */ = {isa = PBXBuildFile; fileRef = CBB58583EA2846AFBDC92774 /* AppDelegate.h */; };
		BFF53B5E3A9444FAB174A100 /* lapser-Prefix.pch in Sources */ = {isa = PBXBuildFile; fileRef = 4FDCF68387F849AF8CFA958F /* lapser-Prefix.pch */; };
		C2714EDEDED749A695C5A9F7 /* ConversionFormViewController.xib in Sources */ = {isa = PBXBuildFile; fileRef = 8D1955A07659470E8B5222D2 /* ConversionFormViewController.xib */; };
		CABCCF86C1184CD7AF5D62A9 /* AppDelegate.m in Sources */ = {isa = PBXBuildFile; fileRef = 749D78CC324C41FA992E88FA /* AppDelegate.m */; };
		CCB113FA17C091E3001D8644 /* Default-568h@2x.png in Resources */ = {isa = PBXBuildFile; fileRef = CCB113F917C091E3001D8644 /* Default-568h@2x.png */; };
		D4C9A56EAAC44C83925F5CA8 /* InfoPlist.strings in Sources */ = {isa = PBXBuildFile; fileRef = 935352F615B449868697BFE0 /* InfoPlist.strings */; };
		E49F7BB6590E4FDA90101BC6 /* lapser-Info.plist in Sources */ = {isa = PBXBuildFile; fileRef = 37ABD109BD7E4104B92D85E0 /* lapser-Info.plist */; };
/* End PBXBuildFile section */

/* Begin PBXFileReference section */
		269078197B054E2E8D118391 /* public */ = {isa = PBXFileReference; includeInIndex = 1; lastKnownFileType = folder; path = public; sourceTree = SOURCE_ROOT; };
		37ABD109BD7E4104B92D85E0 /* lapser-Info.plist */ = {isa = PBXFileReference; includeInIndex = 1; lastKnownFileType = text.plist.xml; name = "lapser-Info.plist"; path = "src/lapser-Info.plist"; sourceTree = SOURCE_ROOT; };
		4F179100DAD94E69AF205B68 /* Foundation.framework */ = {isa = PBXFileReference; lastKnownFileType = wrapper.framework; name = Foundation.framework; path = Platforms/iPhoneOS.platform/Developer/SDKs/iPhoneOS6.1.sdk/System/Library/Frameworks/Foundation.framework; sourceTree = DEVELOPER_DIR; };
		4FDCF68387F849AF8CFA958F /* lapser-Prefix.pch */ = {isa = PBXFileReference; includeInIndex = 1; lastKnownFileType = sourcecode.c.h; name = "lapser-Prefix.pch"; path = "src/lapser-Prefix.pch"; sourceTree = SOURCE_ROOT; };
		749D78CC324C41FA992E88FA /* AppDelegate.m */ = {isa = PBXFileReference; includeInIndex = 1; lastKnownFileType = sourcecode.c.objc; name = AppDelegate.m; path = src/AppDelegate.m; sourceTree = SOURCE_ROOT; };
		7C10609AFAD04E17949ED410 /* UIKit.framework */ = {isa = PBXFileReference; lastKnownFileType = wrapper.framework; name = UIKit.framework; path = System/Library/Frameworks/UIKit.framework; sourceTree = SDKROOT; };
		874F3A9789A64D1986F5AAFC /* lapser.app */ = {isa = PBXFileReference; explicitFileType = wrapper.application; includeInIndex = 0; path = lapser.app; sourceTree = BUILT_PRODUCTS_DIR; };
		8C54D062AB7D494BB9BB21B2 /* ConversionFormViewController.h */ = {isa = PBXFileReference; includeInIndex = 1; lastKnownFileType = sourcecode.c.h; name = ConversionFormViewController.h; path = src/ConversionFormViewController.h; sourceTree = SOURCE_ROOT; };
		8D1955A07659470E8B5222D2 /* ConversionFormViewController.xib */ = {isa = PBXFileReference; includeInIndex = 1; lastKnownFileType = file.xib; name = ConversionFormViewController.xib; path = src/ConversionFormViewController.xib; sourceTree = SOURCE_ROOT; };
		935352F615B449868697BFE0 /* InfoPlist.strings */ = {isa = PBXFileReference; includeInIndex = 1; lastKnownFileType = text.plist.strings; name = InfoPlist.strings; path = src/en.lproj/InfoPlist.strings; sourceTree = SOURCE_ROOT; };
		973D5AF75D4F4188859A26E6 /* CoreGraphics.framework */ = {isa = PBXFileReference; lastKnownFileType = wrapper.framework; name = CoreGraphics.framework; path = System/Library/Frameworks/CoreGraphics.framework; sourceTree = SDKROOT; };
		ADD9BD6A5148495AA2628FD8 /* ConversionFormViewController.m */ = {isa = PBXFileReference; includeInIndex = 1; lastKnownFileType = sourcecode.c.objc; name = ConversionFormViewController.m; path = src/ConversionFormViewController.m; sourceTree = SOURCE_ROOT; };
		BE89C4EABDCE4561A117C43A /* libPods.a */ = {isa = PBXFileReference; explicitFileType = archive.ar; includeInIndex = 0; path = libPods.a; sourceTree = BUILT_PRODUCTS_DIR; };
		CBB58583EA2846AFBDC92774 /* AppDelegate.h */ = {isa = PBXFileReference; includeInIndex = 1; lastKnownFileType = sourcecode.c.h; name = AppDelegate.h; path = src/AppDelegate.h; sourceTree = SOURCE_ROOT; };
		CCB113F917C091E3001D8644 /* Default-568h@2x.png */ = {isa = PBXFileReference; lastKnownFileType = image.png; path = "Default-568h@2x.png"; sourceTree = "<group>"; };
		D5D49B9CCB554A5D9AB9310B /* Pods.xcconfig */ = {isa = PBXFileReference; includeInIndex = 1; lastKnownFileType = text.xcconfig; name = Pods.xcconfig; path = Pods/Pods.xcconfig; sourceTree = SOURCE_ROOT; };
		F4861F1CD79B45149A3A4709 /* main.m */ = {isa = PBXFileReference; includeInIndex = 1; lastKnownFileType = sourcecode.c.objc; name = main.m; path = src/main.m; sourceTree = SOURCE_ROOT; };
/* End PBXFileReference section */

/* Begin PBXFrameworksBuildPhase section */
		E1CF8879515E46AB8870CB33 /* Frameworks */ = {
			isa = PBXFrameworksBuildPhase;
			buildActionMask = 2147483647;
			files = (
				56ACAAEC4E6342E894B413CE /* Foundation.framework in Frameworks */,
				94631BE5CD654920BC8F2E9C /* UIKit.framework in Frameworks */,
				705191F221584DD78D3CBF4B /* CoreGraphics.framework in Frameworks */,
				6794CD66FBCB4470BFDB9864 /* libPods.a in Frameworks */,
			);
			runOnlyForDeploymentPostprocessing = 0;
		};
/* End PBXFrameworksBuildPhase section */

/* Begin PBXGroup section */
		67C5F6BE37FB488FBA803DCD = {
			isa = PBXGroup;
			children = (
				CCB113F917C091E3001D8644 /* Default-568h@2x.png */,
				F011ED538DED43DFA18D7560 /* Products */,
				8A147484744A475DBC3B737B /* Frameworks */,
				CBB58583EA2846AFBDC92774 /* AppDelegate.h */,
				749D78CC324C41FA992E88FA /* AppDelegate.m */,
				8C54D062AB7D494BB9BB21B2 /* ConversionFormViewController.h */,
				ADD9BD6A5148495AA2628FD8 /* ConversionFormViewController.m */,
				8D1955A07659470E8B5222D2 /* ConversionFormViewController.xib */,
				C9A21BCDC73C49CE9FFE4E30 /* en.lproj */,
				37ABD109BD7E4104B92D85E0 /* lapser-Info.plist */,
				4FDCF68387F849AF8CFA958F /* lapser-Prefix.pch */,
				F4861F1CD79B45149A3A4709 /* main.m */,
				269078197B054E2E8D118391 /* public */,
				D5D49B9CCB554A5D9AB9310B /* Pods.xcconfig */,
			);
			sourceTree = "<group>";
		};
		8A147484744A475DBC3B737B /* Frameworks */ = {
			isa = PBXGroup;
			children = (
				4F179100DAD94E69AF205B68 /* Foundation.framework */,
				7C10609AFAD04E17949ED410 /* UIKit.framework */,
				973D5AF75D4F4188859A26E6 /* CoreGraphics.framework */,
				BE89C4EABDCE4561A117C43A /* libPods.a */,
			);
			name = Frameworks;
			sourceTree = "<group>";
		};
		C9A21BCDC73C49CE9FFE4E30 /* en.lproj */ = {
			isa = PBXGroup;
			children = (
				935352F615B449868697BFE0 /* InfoPlist.strings */,
			);
			name = en.lproj;
			sourceTree = "<group>";
		};
		F011ED538DED43DFA18D7560 /* Products */ = {
			isa = PBXGroup;
			children = (
				874F3A9789A64D1986F5AAFC /* lapser.app */,
			);
			name = Products;
			sourceTree = "<group>";
		};
/* End PBXGroup section */

/* Begin PBXHeadersBuildPhase section */
		0113CE40F818480781EDDA3C /* Headers */ = {
			isa = PBXHeadersBuildPhase;
			buildActionMask = 2147483647;
			files = (
				B65B077C5507447AAFA2A4FD /* AppDelegate.h in Headers */,
				4EA5F41169994937B2D8025D /* ConversionFormViewController.h in Headers */,
			);
			runOnlyForDeploymentPostprocessing = 0;
		};
/* End PBXHeadersBuildPhase section */

/* Begin PBXNativeTarget section */
		96D5139D5E294A6B9B8944DB /* lapser */ = {
			isa = PBXNativeTarget;
			buildConfigurationList = 50FA2C903EE9473E8D0D4694 /* Build configuration list for PBXNativeTarget "lapser" */;
			buildPhases = (
				E5030DFCB1FE4F76A2A15594 /* Check Pods Manifest.lock */,
				8B82507AEB484BA99AC03A3C /* Build Calatrava Kernel & Shell */,
				0A11758696CE4E5CB4B0C47D /* Sources */,
				E1CF8879515E46AB8870CB33 /* Frameworks */,
				0113CE40F818480781EDDA3C /* Headers */,
				"" /* Resources */,
				8B4D678C31A8418BB939FF06 /* Copy Pods Resources */,
			);
			buildRules = (
			);
			dependencies = (
			);
			name = lapser;
			productName = lapser;
			productReference = 874F3A9789A64D1986F5AAFC /* lapser.app */;
			productType = "com.apple.product-type.application";
		};
/* End PBXNativeTarget section */

/* Begin PBXProject section */
		B597E0511F7C41B8BAAF981D /* Project object */ = {
			isa = PBXProject;
			attributes = {
				LastUpgradeCheck = 0450;
			};
			buildConfigurationList = CA5DB4AB26F04A36A51230AB /* Build configuration list for PBXProject "lapser" */;
			compatibilityVersion = "Xcode 3.2";
			developmentRegion = English;
			hasScannedForEncodings = 0;
			knownRegions = (
				en,
			);
			mainGroup = 67C5F6BE37FB488FBA803DCD;
			productRefGroup = F011ED538DED43DFA18D7560 /* Products */;
			projectDirPath = "";
			projectRoot = "";
			targets = (
				96D5139D5E294A6B9B8944DB /* lapser */,
			);
		};
/* End PBXProject section */

/* Begin PBXResourcesBuildPhase section */
		"" /* Resources */ = {
			isa = PBXResourcesBuildPhase;
			buildActionMask = 0;
			files = (
				872C8D909ACD4CDFACC8BC3B /* public in Resources */,
				CCB113FA17C091E3001D8644 /* Default-568h@2x.png in Resources */,
			);
			runOnlyForDeploymentPostprocessing = 0;
		};
/* End PBXResourcesBuildPhase section */

/* Begin PBXShellScriptBuildPhase section */
		8B4D678C31A8418BB939FF06 /* Copy Pods Resources */ = {
			isa = PBXShellScriptBuildPhase;
			buildActionMask = 2147483647;
			files = (
			);
			inputPaths = (
			);
			name = "Copy Pods Resources";
			outputPaths = (
			);
			runOnlyForDeploymentPostprocessing = 0;
			shellPath = /bin/sh;
			shellScript = "\"${SRCROOT}/Pods/Pods-resources.sh\"\n";
			showEnvVarsInLog = 0;
		};
		8B82507AEB484BA99AC03A3C /* Build Calatrava Kernel & Shell */ = {
			isa = PBXShellScriptBuildPhase;
			buildActionMask = 2147483647;
			files = (
			);
			inputPaths = (
			);
			name = "Build Calatrava Kernel & Shell";
			outputPaths = (
			);
			runOnlyForDeploymentPostprocessing = 0;
			shellPath = /bin/bash;
			shellScript = "source ${SRCROOT}/../build_env.sh\nbundle exec rake ios:xcode:prebuild";
		};
		E5030DFCB1FE4F76A2A15594 /* Check Pods Manifest.lock */ = {
			isa = PBXShellScriptBuildPhase;
			buildActionMask = 2147483647;
			files = (
			);
			inputPaths = (
			);
			name = "Check Pods Manifest.lock";
			outputPaths = (
			);
			runOnlyForDeploymentPostprocessing = 0;
			shellPath = /bin/sh;
			shellScript = "diff \"${PODS_ROOT}/../Podfile.lock\" \"${PODS_ROOT}/Manifest.lock\" > /dev/null\nif [[ $? != 0 ]] ; then\n    cat << EOM\nerror: The sandbox is not in sync with the Podfile.lock. Run 'pod install' or update your CocoaPods installation.\nEOM\n    exit 1\nfi\n";
			showEnvVarsInLog = 0;
		};
/* End PBXShellScriptBuildPhase section */

/* Begin PBXSourcesBuildPhase section */
		0A11758696CE4E5CB4B0C47D /* Sources */ = {
			isa = PBXSourcesBuildPhase;
			buildActionMask = 2147483647;
			files = (
				CABCCF86C1184CD7AF5D62A9 /* AppDelegate.m in Sources */,
				A34C0F7474C846049C8DE0E0 /* ConversionFormViewController.m in Sources */,
				C2714EDEDED749A695C5A9F7 /* ConversionFormViewController.xib in Sources */,
				D4C9A56EAAC44C83925F5CA8 /* InfoPlist.strings in Sources */,
				E49F7BB6590E4FDA90101BC6 /* lapser-Info.plist in Sources */,
				BFF53B5E3A9444FAB174A100 /* lapser-Prefix.pch in Sources */,
				37CB1EB74A6348E8B95B4038 /* main.m in Sources */,
			);
			runOnlyForDeploymentPostprocessing = 0;
		};
/* End PBXSourcesBuildPhase section */

/* Begin XCBuildConfiguration section */
		1BD80DA043EE48F58694A426 /* Release */ = {
			isa = XCBuildConfiguration;
			buildSettings = {
			};
			name = Release;
		};
		AAF51FD04F9448A988C30676 /* Release */ = {
			isa = XCBuildConfiguration;
			baseConfigurationReference = D5D49B9CCB554A5D9AB9310B /* Pods.xcconfig */;
			buildSettings = {
				ALWAYS_SEARCH_USER_PATHS = NO;
				ARCHS = "$(ARCHS_STANDARD_32_BIT)";
				COPY_PHASE_STRIP = YES;
				GCC_C_LANGUAGE_STANDARD = gnu99;
				GCC_PRECOMPILE_PREFIX_HEADER = YES;
				GCC_PREFIX_HEADER = "src/lapser-Prefix.pch";
				GCC_VERSION = com.apple.compilers.llvm.clang.1_0;
				INFOPLIST_FILE = "src/lapser-Info.plist";
				IPHONEOS_DEPLOYMENT_TARGET = 5.0;
				OTHER_CFLAGS = (
					"-DNS_BLOCK_ASSERTIONS=1",
					"$(inherited)",
				);
				OTHER_CPLUSPLUSFLAGS = (
					"-DNS_BLOCK_ASSERTIONS=1",
					"$(inherited)",
				);
				OTHER_LDFLAGS = (
					"-ObjC",
					"-all_load",
				);
				PRODUCT_NAME = "$(TARGET_NAME)";
				PUBLIC_HEADERS_FOLDER_PATH = "$(TARGET_NAME)";
				SDKROOT = iphoneos;
				SKIP_INSTALL = NO;
				VALIDATE_PRODUCT = YES;
			};
			name = Release;
		};
		E3A1FC81878544DBB51D8FAB /* Debug */ = {
			isa = XCBuildConfiguration;
			buildSettings = {
			};
			name = Debug;
		};
		F288771B41A04D158EC3BF46 /* Debug */ = {
			isa = XCBuildConfiguration;
			baseConfigurationReference = D5D49B9CCB554A5D9AB9310B /* Pods.xcconfig */;
			buildSettings = {
				ALWAYS_SEARCH_USER_PATHS = NO;
				ARCHS = "$(ARCHS_STANDARD_32_BIT)";
				COPY_PHASE_STRIP = NO;
				GCC_C_LANGUAGE_STANDARD = gnu99;
				GCC_DYNAMIC_NO_PIC = NO;
				GCC_OPTIMIZATION_LEVEL = 0;
				GCC_PRECOMPILE_PREFIX_HEADER = YES;
				GCC_PREFIX_HEADER = "src/lapser-Prefix.pch";
				GCC_PREPROCESSOR_DEFINITIONS = (
					"DEBUG=1",
					"$(inherited)",
				);
				GCC_SYMBOLS_PRIVATE_EXTERN = NO;
				GCC_VERSION = com.apple.compilers.llvm.clang.1_0;
				INFOPLIST_FILE = "src/lapser-Info.plist";
				IPHONEOS_DEPLOYMENT_TARGET = 5.0;
				OTHER_LDFLAGS = (
					"-ObjC",
					"-all_load",
				);
				PRODUCT_NAME = "$(TARGET_NAME)";
				PUBLIC_HEADERS_FOLDER_PATH = "$(TARGET_NAME)";
				SDKROOT = iphoneos;
				SKIP_INSTALL = NO;
			};
			name = Debug;
		};
/* End XCBuildConfiguration section */

/* Begin XCConfigurationList section */
		50FA2C903EE9473E8D0D4694 /* Build configuration list for PBXNativeTarget "lapser" */ = {
			isa = XCConfigurationList;
			buildConfigurations = (
				AAF51FD04F9448A988C30676 /* Release */,
				F288771B41A04D158EC3BF46 /* Debug */,
			);
			defaultConfigurationIsVisible = 0;
			defaultConfigurationName = Release;
		};
		CA5DB4AB26F04A36A51230AB /* Build configuration list for PBXProject "lapser" */ = {
			isa = XCConfigurationList;
			buildConfigurations = (
				1BD80DA043EE48F58694A426 /* Release */,
				E3A1FC81878544DBB51D8FAB /* Debug */,
			);
			defaultConfigurationIsVisible = 0;
			defaultConfigurationName = Release;
		};
/* End XCConfigurationList section */
	};
	rootObject = B597E0511F7C41B8BAAF981D /* Project object */;
}
